
Microsoft Visual Studio Solution File, Format Version 12.00
# Visual Studio Version 17
VisualStudioVersion = 17.8.34511.84
MinimumVisualStudioVersion = 10.0.40219.1
Project("{FAE04EC0-301F-11D3-BF4B-00C04F79EFBC}") = "MathAppHttp", "MathAppHttp\MathAppHttp.csproj", "{DC21FA93-7C40-4CD5-AF71-1EAF56A95589}"
EndProject
Global
	GlobalSection(SolutionConfigurationPlatforms) = preSolution
		Debug|Any CPU = Debug|Any CPU
		Release|Any CPU = Release|Any CPU
	EndGlobalSection
	GlobalSection(ProjectConfigurationPlatforms) = postSolution
		{DC21FA93-7C40-4CD5-AF71-1EAF56A95589}.Debug|Any CPU.ActiveCfg = Debug|Any CPU
		{DC21FA93-7C40-4CD5-AF71-1EAF56A95589}.Debug|Any CPU.Build.0 = Debug|Any CPU
		{DC21FA93-7C40-4CD5-AF71-1EAF56A95589}.Release|Any CPU.ActiveCfg = Release|Any CPU
		{DC21FA93-7C40-4CD5-AF71-1EAF56A95589}.Release|Any CPU.Build.0 = Release|Any CPU
	EndGlobalSection
	GlobalSection(SolutionProperties) = preSolution
		HideSolutionNode = FALSE
	EndGlobalSection
	GlobalSection(ExtensibilityGlobals) = postSolution
		SolutionGuid = {9363909D-CA4D-4F09-9B16-5DE21016AE5F}
	EndGlobalSection
EndGlobal
